
Microsoft Visual Studio Solution File, Format Version 12.00
# Visual Studio 2012
Project("{D954291E-2A0B-460D-934E-DC6B0785DB48}") = "Verify.App", "App\Verify.App.shproj", "{98E1B380-87B9-4F3E-9579-0ECE0ED21E32}"
EndProject
Project("{2150E333-8FDC-42A3-9474-1A3956D46DE8}") = "Shared", "Shared", "{9DC79C97-ECFB-4264-A822-435EF2D7A0B7}"
EndProject
Project("{D954291E-2A0B-460D-934E-DC6B0785DB48}") = "Shared", "..\Heleus.AppBase\Base\Shared\Shared.shproj", "{87DA3F85-DE94-4F50-93C8-DD1586606C13}"
EndProject
Project("{FAE04EC0-301F-11D3-BF4B-00C04F79EFBC}") = "Verify.macOS", "Platforms\macOS\Verify.macOS.csproj", "{65DF0816-8AD9-4985-90E9-3C9E3CECAFBF}"
EndProject
Project("{D954291E-2A0B-460D-934E-DC6B0785DB48}") = "Shared.Apple", "..\Heleus.AppBase\Base\Shared.Apple\Shared.Apple.shproj", "{2C7887FA-2805-48CB-9813-5A055F6D130D}"
EndProject
Project("{D954291E-2A0B-460D-934E-DC6B0785DB48}") = "Shared.macOS", "..\Heleus.AppBase\Base\Shared.macOS\Shared.macOS.shproj", "{736E7B79-31FA-46F4-806E-FA225D03D01E}"
EndProject
Project("{FAE04EC0-301F-11D3-BF4B-00C04F79EFBC}") = "Verify.GTK", "Platforms\GTK\Verify.GTK.csproj", "{F959CAB2-AC84-4DFA-950E-AC6CA0DB0BD4}"
EndProject
Project("{D954291E-2A0B-460D-934E-DC6B0785DB48}") = "Shared.GTK", "..\Heleus.AppBase\Base\Shared.GTK\Shared.GTK.shproj", "{135C177D-F6E2-46A9-9719-1C9F56138022}"
EndProject
Project("{D954291E-2A0B-460D-934E-DC6B0785DB48}") = "Shared.iOS", "..\Heleus.AppBase\Base\Shared.iOS\Shared.iOS.shproj", "{3059E57C-0C10-4B14-97AF-14D723777121}"
EndProject
Project("{FAE04EC0-301F-11D3-BF4B-00C04F79EFBC}") = "Verify.iOS", "Platforms\iOS\Verify.iOS.csproj", "{8018FCC4-EE12-48AB-B1A9-AA82724F67B7}"
EndProject
Project("{D954291E-2A0B-460D-934E-DC6B0785DB48}") = "Shared.Android", "..\Heleus.AppBase\Base\Shared.Android\Shared.Android.shproj", "{EE84A9EF-DC82-4495-9CF6-581F43D1082E}"
EndProject
Project("{FAE04EC0-301F-11D3-BF4B-00C04F79EFBC}") = "Verify.Android", "Platforms\Android\Verify.Android.csproj", "{2A4B07EB-ADAF-4E5F-9A6B-541BF4788EBE}"
EndProject
Project("{2150E333-8FDC-42A3-9474-1A3956D46DE8}") = "Heleus", "Heleus", "{1A039C7E-3D07-4F4D-B95E-368EA271ABF2}"
EndProject
Project("{FAE04EC0-301F-11D3-BF4B-00C04F79EFBC}") = "Heleus.Base", "..\Heleus.Base\Heleus.Base.csproj", "{74862847-A7F2-47AE-9BE4-1CC81943DDFE}"
EndProject
Project("{D954291E-2A0B-460D-934E-DC6B0785DB48}") = "Shared.CLI", "..\Heleus.AppBase\Base\Shared.CLI\Shared.CLI.shproj", "{EE84A9EF-DC82-4495-9CF6-581F43D1082A}"
EndProject
Project("{FAE04EC0-301F-11D3-BF4B-00C04F79EFBC}") = "Verify.cli", "Platforms\cli\Verify.cli.csproj", "{D81FD798-CF46-4BF6-B11C-500DED007C91}"
EndProject
Project("{FAE04EC0-301F-11D3-BF4B-00C04F79EFBC}") = "Heleus.VerifyServiceBase", "..\Heleus.Services\VerifyServiceBase\Heleus.VerifyServiceBase.csproj", "{45D8BD8B-367F-4609-B227-BBC063CAAF6A}"
EndProject
Project("{FAE04EC0-301F-11D3-BF4B-00C04F79EFBC}") = "Heleus.ProfileServiceBase", "..\Heleus.Services\ProfileServiceBase\Heleus.ProfileServiceBase.csproj", "{CE6D21F9-F9ED-4613-A2F0-099256743346}"
EndProject
Global
	GlobalSection(SolutionConfigurationPlatforms) = preSolution
		Debug|Any CPU = Debug|Any CPU
		Release|Any CPU = Release|Any CPU
		Debug|iPhoneSimulator = Debug|iPhoneSimulator
		Release|iPhone = Release|iPhone
		Release|iPhoneSimulator = Release|iPhoneSimulator
		Debug|iPhone = Debug|iPhone
	EndGlobalSection
	GlobalSection(ProjectConfigurationPlatforms) = postSolution
		{65DF0816-8AD9-4985-90E9-3C9E3CECAFBF}.Debug|Any CPU.ActiveCfg = Debug|Any CPU
		{65DF0816-8AD9-4985-90E9-3C9E3CECAFBF}.Debug|Any CPU.Build.0 = Debug|Any CPU
		{65DF0816-8AD9-4985-90E9-3C9E3CECAFBF}.Release|Any CPU.ActiveCfg = Release|Any CPU
		{65DF0816-8AD9-4985-90E9-3C9E3CECAFBF}.Release|Any CPU.Build.0 = Release|Any CPU
		{65DF0816-8AD9-4985-90E9-3C9E3CECAFBF}.Debug|iPhoneSimulator.ActiveCfg = Debug|Any CPU
		{65DF0816-8AD9-4985-90E9-3C9E3CECAFBF}.Release|iPhone.ActiveCfg = Release|Any CPU
		{65DF0816-8AD9-4985-90E9-3C9E3CECAFBF}.Release|iPhoneSimulator.ActiveCfg = Release|Any CPU
		{65DF0816-8AD9-4985-90E9-3C9E3CECAFBF}.Debug|iPhone.ActiveCfg = Debug|Any CPU
		{F959CAB2-AC84-4DFA-950E-AC6CA0DB0BD4}.Debug|Any CPU.ActiveCfg = Debug|Any CPU
		{F959CAB2-AC84-4DFA-950E-AC6CA0DB0BD4}.Debug|Any CPU.Build.0 = Debug|Any CPU
		{F959CAB2-AC84-4DFA-950E-AC6CA0DB0BD4}.Release|Any CPU.ActiveCfg = Release|Any CPU
		{F959CAB2-AC84-4DFA-950E-AC6CA0DB0BD4}.Release|Any CPU.Build.0 = Release|Any CPU
		{F959CAB2-AC84-4DFA-950E-AC6CA0DB0BD4}.Debug|iPhoneSimulator.ActiveCfg = Debug|Any CPU
		{F959CAB2-AC84-4DFA-950E-AC6CA0DB0BD4}.Release|iPhone.ActiveCfg = Release|Any CPU
		{F959CAB2-AC84-4DFA-950E-AC6CA0DB0BD4}.Release|iPhoneSimulator.ActiveCfg = Release|Any CPU
		{F959CAB2-AC84-4DFA-950E-AC6CA0DB0BD4}.Debug|iPhone.ActiveCfg = Debug|Any CPU
		{8018FCC4-EE12-48AB-B1A9-AA82724F67B7}.Debug|Any CPU.ActiveCfg = Debug|iPhoneSimulator
		{8018FCC4-EE12-48AB-B1A9-AA82724F67B7}.Debug|Any CPU.Build.0 = Debug|iPhoneSimulator
		{8018FCC4-EE12-48AB-B1A9-AA82724F67B7}.Release|Any CPU.ActiveCfg = Release|iPhoneSimulator
		{8018FCC4-EE12-48AB-B1A9-AA82724F67B7}.Release|Any CPU.Build.0 = Release|iPhoneSimulator
		{8018FCC4-EE12-48AB-B1A9-AA82724F67B7}.Debug|iPhoneSimulator.ActiveCfg = Debug|iPhoneSimulator
		{8018FCC4-EE12-48AB-B1A9-AA82724F67B7}.Debug|iPhoneSimulator.Build.0 = Debug|iPhoneSimulator
		{8018FCC4-EE12-48AB-B1A9-AA82724F67B7}.Release|iPhone.ActiveCfg = Release|iPhone
		{8018FCC4-EE12-48AB-B1A9-AA82724F67B7}.Release|iPhone.Build.0 = Release|iPhone
		{8018FCC4-EE12-48AB-B1A9-AA82724F67B7}.Release|iPhoneSimulator.ActiveCfg = Release|iPhoneSimulator
		{8018FCC4-EE12-48AB-B1A9-AA82724F67B7}.Release|iPhoneSimulator.Build.0 = Release|iPhoneSimulator
		{8018FCC4-EE12-48AB-B1A9-AA82724F67B7}.Debug|iPhone.ActiveCfg = Debug|iPhone
		{8018FCC4-EE12-48AB-B1A9-AA82724F67B7}.Debug|iPhone.Build.0 = Debug|iPhone
		{2A4B07EB-ADAF-4E5F-9A6B-541BF4788EBE}.Debug|Any CPU.ActiveCfg = Debug|Any CPU
		{2A4B07EB-ADAF-4E5F-9A6B-541BF4788EBE}.Debug|Any CPU.Build.0 = Debug|Any CPU
		{2A4B07EB-ADAF-4E5F-9A6B-541BF4788EBE}.Release|Any CPU.ActiveCfg = Release|Any CPU
		{2A4B07EB-ADAF-4E5F-9A6B-541BF4788EBE}.Release|Any CPU.Build.0 = Release|Any CPU
		{2A4B07EB-ADAF-4E5F-9A6B-541BF4788EBE}.Debug|iPhoneSimulator.ActiveCfg = Debug|Any CPU
		{2A4B07EB-ADAF-4E5F-9A6B-541BF4788EBE}.Release|iPhone.ActiveCfg = Release|Any CPU
		{2A4B07EB-ADAF-4E5F-9A6B-541BF4788EBE}.Release|iPhoneSimulator.ActiveCfg = Release|Any CPU
		{2A4B07EB-ADAF-4E5F-9A6B-541BF4788EBE}.Debug|iPhone.ActiveCfg = Debug|Any CPU
		{74862847-A7F2-47AE-9BE4-1CC81943DDFE}.Debug|Any CPU.ActiveCfg = Debug|Any CPU
		{74862847-A7F2-47AE-9BE4-1CC81943DDFE}.Debug|Any CPU.Build.0 = Debug|Any CPU
		{74862847-A7F2-47AE-9BE4-1CC81943DDFE}.Release|Any CPU.ActiveCfg = Release|Any CPU
		{74862847-A7F2-47AE-9BE4-1CC81943DDFE}.Release|Any CPU.Build.0 = Release|Any CPU
		{74862847-A7F2-47AE-9BE4-1CC81943DDFE}.Debug|iPhoneSimulator.ActiveCfg = Debug|Any CPU
		{74862847-A7F2-47AE-9BE4-1CC81943DDFE}.Debug|iPhoneSimulator.Build.0 = Debug|Any CPU
		{74862847-A7F2-47AE-9BE4-1CC81943DDFE}.Release|iPhone.ActiveCfg = Release|Any CPU
		{74862847-A7F2-47AE-9BE4-1CC81943DDFE}.Release|iPhone.Build.0 = Release|Any CPU
		{74862847-A7F2-47AE-9BE4-1CC81943DDFE}.Release|iPhoneSimulator.ActiveCfg = Release|Any CPU
		{74862847-A7F2-47AE-9BE4-1CC81943DDFE}.Release|iPhoneSimulator.Build.0 = Release|Any CPU
		{74862847-A7F2-47AE-9BE4-1CC81943DDFE}.Debug|iPhone.ActiveCfg = Debug|Any CPU
		{74862847-A7F2-47AE-9BE4-1CC81943DDFE}.Debug|iPhone.Build.0 = Debug|Any CPU
		{D81FD798-CF46-4BF6-B11C-500DED007C91}.Debug|Any CPU.ActiveCfg = Debug|Any CPU
		{D81FD798-CF46-4BF6-B11C-500DED007C91}.Debug|Any CPU.Build.0 = Debug|Any CPU
		{D81FD798-CF46-4BF6-B11C-500DED007C91}.Release|Any CPU.ActiveCfg = Release|Any CPU
		{D81FD798-CF46-4BF6-B11C-500DED007C91}.Release|Any CPU.Build.0 = Release|Any CPU
		{D81FD798-CF46-4BF6-B11C-500DED007C91}.Debug|iPhoneSimulator.ActiveCfg = Debug|Any CPU
		{D81FD798-CF46-4BF6-B11C-500DED007C91}.Debug|iPhoneSimulator.Build.0 = Debug|Any CPU
		{D81FD798-CF46-4BF6-B11C-500DED007C91}.Release|iPhone.ActiveCfg = Release|Any CPU
		{D81FD798-CF46-4BF6-B11C-500DED007C91}.Release|iPhone.Build.0 = Release|Any CPU
		{D81FD798-CF46-4BF6-B11C-500DED007C91}.Release|iPhoneSimulator.ActiveCfg = Release|Any CPU
		{D81FD798-CF46-4BF6-B11C-500DED007C91}.Release|iPhoneSimulator.Build.0 = Release|Any CPU
		{D81FD798-CF46-4BF6-B11C-500DED007C91}.Debug|iPhone.ActiveCfg = Debug|Any CPU
		{D81FD798-CF46-4BF6-B11C-500DED007C91}.Debug|iPhone.Build.0 = Debug|Any CPU
		{45D8BD8B-367F-4609-B227-BBC063CAAF6A}.Debug|Any CPU.ActiveCfg = Debug|Any CPU
		{45D8BD8B-367F-4609-B227-BBC063CAAF6A}.Debug|Any CPU.Build.0 = Debug|Any CPU
		{45D8BD8B-367F-4609-B227-BBC063CAAF6A}.Release|Any CPU.ActiveCfg = Release|Any CPU
		{45D8BD8B-367F-4609-B227-BBC063CAAF6A}.Release|Any CPU.Build.0 = Release|Any CPU
		{45D8BD8B-367F-4609-B227-BBC063CAAF6A}.Debug|iPhoneSimulator.ActiveCfg = Debug|Any CPU
		{45D8BD8B-367F-4609-B227-BBC063CAAF6A}.Debug|iPhoneSimulator.Build.0 = Debug|Any CPU
		{45D8BD8B-367F-4609-B227-BBC063CAAF6A}.Release|iPhone.ActiveCfg = Release|Any CPU
		{45D8BD8B-367F-4609-B227-BBC063CAAF6A}.Release|iPhone.Build.0 = Release|Any CPU
		{45D8BD8B-367F-4609-B227-BBC063CAAF6A}.Release|iPhoneSimulator.ActiveCfg = Release|Any CPU
		{45D8BD8B-367F-4609-B227-BBC063CAAF6A}.Release|iPhoneSimulator.Build.0 = Release|Any CPU
		{45D8BD8B-367F-4609-B227-BBC063CAAF6A}.Debug|iPhone.ActiveCfg = Debug|Any CPU
		{45D8BD8B-367F-4609-B227-BBC063CAAF6A}.Debug|iPhone.Build.0 = Debug|Any CPU
		{CE6D21F9-F9ED-4613-A2F0-099256743346}.Debug|Any CPU.ActiveCfg = Debug|Any CPU
		{CE6D21F9-F9ED-4613-A2F0-099256743346}.Debug|Any CPU.Build.0 = Debug|Any CPU
		{CE6D21F9-F9ED-4613-A2F0-099256743346}.Release|Any CPU.ActiveCfg = Release|Any CPU
		{CE6D21F9-F9ED-4613-A2F0-099256743346}.Release|Any CPU.Build.0 = Release|Any CPU
		{CE6D21F9-F9ED-4613-A2F0-099256743346}.Debug|iPhoneSimulator.ActiveCfg = Debug|Any CPU
		{CE6D21F9-F9ED-4613-A2F0-099256743346}.Debug|iPhoneSimulator.Build.0 = Debug|Any CPU
		{CE6D21F9-F9ED-4613-A2F0-099256743346}.Release|iPhone.ActiveCfg = Release|Any CPU
		{CE6D21F9-F9ED-4613-A2F0-099256743346}.Release|iPhone.Build.0 = Release|Any CPU
		{CE6D21F9-F9ED-4613-A2F0-099256743346}.Release|iPhoneSimulator.ActiveCfg = Release|Any CPU
		{CE6D21F9-F9ED-4613-A2F0-099256743346}.Release|iPhoneSimulator.Build.0 = Release|Any CPU
		{CE6D21F9-F9ED-4613-A2F0-099256743346}.Debug|iPhone.ActiveCfg = Debug|Any CPU
		{CE6D21F9-F9ED-4613-A2F0-099256743346}.Debug|iPhone.Build.0 = Debug|Any CPU
	EndGlobalSection
	GlobalSection(NestedProjects) = preSolution
		{87DA3F85-DE94-4F50-93C8-DD1586606C13} = {9DC79C97-ECFB-4264-A822-435EF2D7A0B7}
		{2C7887FA-2805-48CB-9813-5A055F6D130D} = {9DC79C97-ECFB-4264-A822-435EF2D7A0B7}
		{736E7B79-31FA-46F4-806E-FA225D03D01E} = {9DC79C97-ECFB-4264-A822-435EF2D7A0B7}
		{135C177D-F6E2-46A9-9719-1C9F56138022} = {9DC79C97-ECFB-4264-A822-435EF2D7A0B7}
		{3059E57C-0C10-4B14-97AF-14D723777121} = {9DC79C97-ECFB-4264-A822-435EF2D7A0B7}
		{EE84A9EF-DC82-4495-9CF6-581F43D1082E} = {9DC79C97-ECFB-4264-A822-435EF2D7A0B7}
		{74862847-A7F2-47AE-9BE4-1CC81943DDFE} = {1A039C7E-3D07-4F4D-B95E-368EA271ABF2}
		{EE84A9EF-DC82-4495-9CF6-581F43D1082A} = {9DC79C97-ECFB-4264-A822-435EF2D7A0B7}
		{45D8BD8B-367F-4609-B227-BBC063CAAF6A} = {1A039C7E-3D07-4F4D-B95E-368EA271ABF2}
		{CE6D21F9-F9ED-4613-A2F0-099256743346} = {1A039C7E-3D07-4F4D-B95E-368EA271ABF2}
	EndGlobalSection
EndGlobal
